
Microsoft Visual Studio Solution File, Format Version 12.00
# Visual Studio Version 16
VisualStudioVersion = 16.0.32630.194
MinimumVisualStudioVersion = 10.0.40219.1
Project("{FAE04EC0-301F-11D3-BF4B-00C04F79EFBC}") = "Semana4-juego-de-parejas-CSharp", "Semana4-juego-de-parejas-CSharp.csproj", "{67311B01-7A68-488F-9F93-C911A5CBEB73}"
EndProject
Global
	GlobalSection(SolutionConfigurationPlatforms) = preSolution
		Debug|Any CPU = Debug|Any CPU
		Release|Any CPU = Release|Any CPU
	EndGlobalSection
	GlobalSection(ProjectConfigurationPlatforms) = postSolution
		{67311B01-7A68-488F-9F93-C911A5CBEB73}.Debug|Any CPU.ActiveCfg = Debug|Any CPU
		{67311B01-7A68-488F-9F93-C911A5CBEB73}.Debug|Any CPU.Build.0 = Debug|Any CPU
		{67311B01-7A68-488F-9F93-C911A5CBEB73}.Release|Any CPU.ActiveCfg = Release|Any CPU
		{67311B01-7A68-488F-9F93-C911A5CBEB73}.Release|Any CPU.Build.0 = Release|Any CPU
	EndGlobalSection
	GlobalSection(SolutionProperties) = preSolution
		HideSolutionNode = FALSE
	EndGlobalSection
	GlobalSection(ExtensibilityGlobals) = postSolution
		SolutionGuid = {1B0628F6-B606-4C66-BF27-4129E4F2626A}
	EndGlobalSection
EndGlobal
